
Microsoft Visual Studio Solution File, Format Version 12.00
# Visual Studio 2013
VisualStudioVersion = 12.0.30723.0
MinimumVisualStudioVersion = 10.0.40219.1
Project("{FAE04EC0-301F-11D3-BF4B-00C04F79EFBC}") = "AngularCloudDataConnector", "AngularCloudDataConnector\Core\AngularCloudDataConnector.csproj", "{3A50A005-6B6C-4326-BD97-978FDF54463E}"
EndProject
Project("{FAE04EC0-301F-11D3-BF4B-00C04F79EFBC}") = "AzureMobileServices", "AngularCloudDataConnector\Providers\AzureMobileServices\AzureMobileServices.csproj", "{0A4A7E93-1F70-4211-AAB4-AE4643B98A67}"
EndProject
Project("{FAE04EC0-301F-11D3-BF4B-00C04F79EFBC}") = "Samples", "Samples.csproj", "{FFBD1473-7233-4BE4-B11F-7006C2F871DB}"
EndProject
Project("{2150E333-8FDC-42A3-9474-1A3956D46DE8}") = "Providers", "Providers", "{2D4D130C-8ABD-4384-A0D9-BEEE60E7F843}"
EndProject
Project("{FAE04EC0-301F-11D3-BF4B-00C04F79EFBC}") = "FacebookServices", "AngularCloudDataConnector\Providers\FacebookServices\FacebookServices.csproj", "{A06EC9EE-BC27-4583-B152-F38361F0D228}"
EndProject
Project("{FAE04EC0-301F-11D3-BF4B-00C04F79EFBC}") = "TwitterServices", "AngularCloudDataConnector\Providers\TwitterServices\TwitterServices.csproj", "{E9FF2B7A-16BA-480D-A385-652C90180394}"
EndProject
Project("{FAE04EC0-301F-11D3-BF4B-00C04F79EFBC}") = "OrdrinServices", "AngularCloudDataConnector\Providers\OrdrinServices\OrdrinServices.csproj", "{58EBAC47-575B-4809-A1DE-99462FD1313A}"
EndProject
Project("{FAE04EC0-301F-11D3-BF4B-00C04F79EFBC}") = "NitrogenServices", "AngularCloudDataConnector\Providers\NitrogenServices\NitrogenServices.csproj", "{93949997-F474-4B6A-BD9D-D2DA2BC49D94}"
EndProject
Project("{2150E333-8FDC-42A3-9474-1A3956D46DE8}") = "Experimental", "Experimental", "{DD1D72BB-AEFD-43E5-9AE8-5DBBDAA74E74}"
EndProject
Global
	GlobalSection(SolutionConfigurationPlatforms) = preSolution
		Debug|Any CPU = Debug|Any CPU
		Release|Any CPU = Release|Any CPU
	EndGlobalSection
	GlobalSection(ProjectConfigurationPlatforms) = postSolution
		{3A50A005-6B6C-4326-BD97-978FDF54463E}.Debug|Any CPU.ActiveCfg = Debug|Any CPU
		{3A50A005-6B6C-4326-BD97-978FDF54463E}.Debug|Any CPU.Build.0 = Debug|Any CPU
		{3A50A005-6B6C-4326-BD97-978FDF54463E}.Release|Any CPU.ActiveCfg = Release|Any CPU
		{3A50A005-6B6C-4326-BD97-978FDF54463E}.Release|Any CPU.Build.0 = Release|Any CPU
		{0A4A7E93-1F70-4211-AAB4-AE4643B98A67}.Debug|Any CPU.ActiveCfg = Debug|Any CPU
		{0A4A7E93-1F70-4211-AAB4-AE4643B98A67}.Debug|Any CPU.Build.0 = Debug|Any CPU
		{0A4A7E93-1F70-4211-AAB4-AE4643B98A67}.Release|Any CPU.ActiveCfg = Release|Any CPU
		{0A4A7E93-1F70-4211-AAB4-AE4643B98A67}.Release|Any CPU.Build.0 = Release|Any CPU
		{FFBD1473-7233-4BE4-B11F-7006C2F871DB}.Debug|Any CPU.ActiveCfg = Debug|Any CPU
		{FFBD1473-7233-4BE4-B11F-7006C2F871DB}.Debug|Any CPU.Build.0 = Debug|Any CPU
		{FFBD1473-7233-4BE4-B11F-7006C2F871DB}.Release|Any CPU.ActiveCfg = Release|Any CPU
		{FFBD1473-7233-4BE4-B11F-7006C2F871DB}.Release|Any CPU.Build.0 = Release|Any CPU
		{A06EC9EE-BC27-4583-B152-F38361F0D228}.Debug|Any CPU.ActiveCfg = Debug|Any CPU
		{A06EC9EE-BC27-4583-B152-F38361F0D228}.Debug|Any CPU.Build.0 = Debug|Any CPU
		{A06EC9EE-BC27-4583-B152-F38361F0D228}.Release|Any CPU.ActiveCfg = Release|Any CPU
		{A06EC9EE-BC27-4583-B152-F38361F0D228}.Release|Any CPU.Build.0 = Release|Any CPU
		{E9FF2B7A-16BA-480D-A385-652C90180394}.Debug|Any CPU.ActiveCfg = Debug|Any CPU
		{E9FF2B7A-16BA-480D-A385-652C90180394}.Debug|Any CPU.Build.0 = Debug|Any CPU
		{E9FF2B7A-16BA-480D-A385-652C90180394}.Release|Any CPU.ActiveCfg = Release|Any CPU
		{E9FF2B7A-16BA-480D-A385-652C90180394}.Release|Any CPU.Build.0 = Release|Any CPU
		{58EBAC47-575B-4809-A1DE-99462FD1313A}.Debug|Any CPU.ActiveCfg = Debug|Any CPU
		{58EBAC47-575B-4809-A1DE-99462FD1313A}.Debug|Any CPU.Build.0 = Debug|Any CPU
		{58EBAC47-575B-4809-A1DE-99462FD1313A}.Release|Any CPU.ActiveCfg = Release|Any CPU
		{58EBAC47-575B-4809-A1DE-99462FD1313A}.Release|Any CPU.Build.0 = Release|Any CPU
		{93949997-F474-4B6A-BD9D-D2DA2BC49D94}.Debug|Any CPU.ActiveCfg = Debug|Any CPU
		{93949997-F474-4B6A-BD9D-D2DA2BC49D94}.Debug|Any CPU.Build.0 = Debug|Any CPU
		{93949997-F474-4B6A-BD9D-D2DA2BC49D94}.Release|Any CPU.ActiveCfg = Release|Any CPU
		{93949997-F474-4B6A-BD9D-D2DA2BC49D94}.Release|Any CPU.Build.0 = Release|Any CPU
	EndGlobalSection
	GlobalSection(SolutionProperties) = preSolution
		HideSolutionNode = FALSE
	EndGlobalSection
	GlobalSection(NestedProjects) = preSolution
		{0A4A7E93-1F70-4211-AAB4-AE4643B98A67} = {2D4D130C-8ABD-4384-A0D9-BEEE60E7F843}
		{A06EC9EE-BC27-4583-B152-F38361F0D228} = {DD1D72BB-AEFD-43E5-9AE8-5DBBDAA74E74}
		{E9FF2B7A-16BA-480D-A385-652C90180394} = {DD1D72BB-AEFD-43E5-9AE8-5DBBDAA74E74}
		{58EBAC47-575B-4809-A1DE-99462FD1313A} = {DD1D72BB-AEFD-43E5-9AE8-5DBBDAA74E74}
		{93949997-F474-4B6A-BD9D-D2DA2BC49D94} = {DD1D72BB-AEFD-43E5-9AE8-5DBBDAA74E74}
		{DD1D72BB-AEFD-43E5-9AE8-5DBBDAA74E74} = {2D4D130C-8ABD-4384-A0D9-BEEE60E7F843}
	EndGlobalSection
EndGlobal
